%{
  "artificery": {:hex, :artificery, "0.4.2", "3ded6e29e13113af52811c72f414d1e88f711410cac1b619ab3a2666bbd7efd4", [:mix], [], "hexpm"},
  "base64url": {:hex, :base64url, "0.0.1", "36a90125f5948e3afd7be97662a1504b934dd5dac78451ca6e9abf85a10286be", [], [], "hexpm"},
  "brady": {:hex, :brady, "0.0.7", "39f3892197f67c0b38d64e239a671b60e8cb0968801f40072405fe1fe2a7519e", [:mix], [{:floki, "~> 0.13", [hex: :floki, repo: "hexpm", optional: false]}, {:phoenix, "~> 1.2", [hex: :phoenix, repo: "hexpm", optional: false]}], "hexpm"},
  "certifi": {:hex, :certifi, "2.5.3", "70bdd7e7188c804f3a30ee0e7c99655bc35d8ac41c23e12325f36ab449b70651", [:rebar3], [{:parse_trans, "~>3.3", [hex: :parse_trans, repo: "hexpm", optional: false]}], "hexpm", "ed516acb3929b101208a9d700062d520f3953da3b6b918d866106ffa980e1c10"},
  "cloudex": {:hex, :cloudex, "1.4.1", "7d0affa4b0109dc5c02ccd9cdf53a34281440959a0d1e801fb0a345634773ba5", [:mix], [{:httpoison, "~> 1.6", [hex: :httpoison, repo: "hexpm", optional: false]}, {:jason, "~> 1.0", [hex: :jason, repo: "hexpm", optional: true]}, {:timex, "~> 3.6", [hex: :timex, repo: "hexpm", optional: false]}, {:tzdata, "~> 1.0", [hex: :tzdata, repo: "hexpm", optional: false]}], "hexpm", "cef7dd766e6c1bbe81772a667c3751f4fbe8ce6a6fd94d528c6233a0def32831"},
  "combine": {:hex, :combine, "0.10.0", "eff8224eeb56498a2af13011d142c5e7997a80c8f5b97c499f84c841032e429f", [:mix], [], "hexpm", "1b1dbc1790073076580d0d1d64e42eae2366583e7aecd455d1215b0d16f2451b"},
  "connection": {:hex, :connection, "1.0.4", "a1cae72211f0eef17705aaededacac3eb30e6625b04a6117c1b2db6ace7d5976", [:mix], [], "hexpm", "4a0850c9be22a43af9920a71ab17c051f5f7d45c209e40269a1938832510e4d9"},
  "cowboy": {:hex, :cowboy, "2.8.0", "f3dc62e35797ecd9ac1b50db74611193c29815401e53bac9a5c0577bd7bc667d", [:rebar3], [{:cowlib, "~> 2.9.1", [hex: :cowlib, repo: "hexpm", optional: false]}, {:ranch, "~> 1.7.1", [hex: :ranch, repo: "hexpm", optional: false]}], "hexpm", "4643e4fba74ac96d4d152c75803de6fad0b3fa5df354c71afdd6cbeeb15fac8a"},
  "cowlib": {:hex, :cowlib, "2.9.1", "61a6c7c50cf07fdd24b2f45b89500bb93b6686579b069a89f88cb211e1125c78", [:rebar3], [], "hexpm", "e4175dc240a70d996156160891e1c62238ede1729e45740bdd38064dad476170"},
  "db_connection": {:hex, :db_connection, "2.1.0", "122e2f62c4906bf2e49554f1e64db5030c19229aa40935f33088e7d543aa79d0", [:mix], [{:connection, "~> 1.0.2", [hex: :connection, repo: "hexpm", optional: false]}], "hexpm", "f398f3144db606de82ed42c2ddc69767f0607abdb796e8220de5f0fcf80f5ba4"},
  "decimal": {:hex, :decimal, "1.9.0", "83e8daf59631d632b171faabafb4a9f4242c514b0a06ba3df493951c08f64d07", [:mix], [], "hexpm", "b1f2343568eed6928f3e751cf2dffde95bfaa19dd95d09e8a9ea92ccfd6f7d85"},
  "distillery": {:hex, :distillery, "2.1.1", "f9332afc2eec8a1a2b86f22429e068ef35f84a93ea1718265e740d90dd367814", [:mix], [{:artificery, "~> 0.2", [hex: :artificery, repo: "hexpm", optional: false]}], "hexpm"},
  "earmark": {:hex, :earmark, "1.2.4", "99b637c62a4d65a20a9fb674b8cffb8baa771c04605a80c911c4418c69b75439", [:mix], [], "hexpm"},
  "ecto": {:hex, :ecto, "3.1.7", "fa21d06ef56cdc2fdaa62574e8c3ba34a2751d44ea34c30bc65f0728421043e5", [:mix], [{:decimal, "~> 1.6", [hex: :decimal, repo: "hexpm", optional: false]}, {:jason, "~> 1.0", [hex: :jason, repo: "hexpm", optional: true]}], "hexpm", "fd0f11a8454e490ae11b6f69aa1ed9e0352641242d014cc3d2f420d7743f6966"},
  "ecto_sql": {:hex, :ecto_sql, "3.1.6", "1e80e30d16138a729c717f73dcb938590bcdb3a4502f3012414d0cbb261045d8", [:mix], [{:db_connection, "~> 2.0", [hex: :db_connection, repo: "hexpm", optional: false]}, {:ecto, "~> 3.1.0", [hex: :ecto, repo: "hexpm", optional: false]}, {:mariaex, "~> 0.9.1", [hex: :mariaex, repo: "hexpm", optional: true]}, {:myxql, "~> 0.2.0", [hex: :myxql, repo: "hexpm", optional: true]}, {:postgrex, "~> 0.14.0 or ~> 0.15.0", [hex: :postgrex, repo: "hexpm", optional: true]}, {:telemetry, "~> 0.4.0", [hex: :telemetry, repo: "hexpm", optional: false]}], "hexpm", "cdb6a76a6d88b256fd1bfc37da66cfc96f0935591c5114c1123b04c150828b69"},
  "edeliver": {:hex, :edeliver, "1.7.0", "aafb99e55bbb88a725390978304f92a5002871fbd56e2d23970ca7f164338e41", [:mix], [{:distillery, "~> 2.1.0", [hex: :distillery, repo: "hexpm", optional: true]}], "hexpm"},
  "espec": {:hex, :espec, "1.4.6", "9ac809d2a7ce64b9dbb468a517fe0c00c0464e4aeb918709ad2ba68a0a0d6536", [:mix], [{:meck, "0.8.7", [hex: :meck, repo: "hexpm", optional: false]}], "hexpm", "609cd5603b14df0fe234caca6e0ee818a1c76270ec77470229de7f225f1ea999"},
  "ex_doc": {:hex, :ex_doc, "0.18.3", "f4b0e4a2ec6f333dccf761838a4b253d75e11f714b85ae271c9ae361367897b7", [:mix], [{:earmark, "~> 1.1", [hex: :earmark, repo: "hexpm", optional: false]}], "hexpm"},
  "faker": {:hex, :faker, "0.12.0", "796cbac868c86c2df6f273ea4cdf2e271860863820e479e04a374b7ee6c376b6", [:mix], [], "hexpm", "ab8259d15122205e1970b2b2149a9664d17de77da5354d21229b6af88a3b6a71"},
  "file_system": {:hex, :file_system, "0.2.8", "f632bd287927a1eed2b718f22af727c5aeaccc9a98d8c2bd7bff709e851dc986", [:mix], [], "hexpm", "97a3b6f8d63ef53bd0113070102db2ce05352ecf0d25390eb8d747c2bde98bca"},
  "floki": {:hex, :floki, "0.20.1", "4ee125a81605f5920189ac6afbee8dbf4de7808319e726f0d57781e660185980", [:mix], [{:html_entities, "~> 0.4.0", [hex: :html_entities, repo: "hexpm", optional: false]}, {:mochiweb, "~> 2.15", [hex: :mochiweb, repo: "hexpm", optional: false]}], "hexpm", "c8c9933d942b27450e112f48961833fc1fc8101ef450e8f91331df957c24c445"},
  "gettext": {:hex, :gettext, "0.18.2", "7df3ea191bb56c0309c00a783334b288d08a879f53a7014341284635850a6e55", [:mix], [], "hexpm", "f9f537b13d4fdd30f3039d33cb80144c3aa1f8d9698e47d7bcbcc8df93b1f5c5"},
  "guardian": {:hex, :guardian, "2.1.1", "1f02b349f6ba765647cc834036a8d76fa4bd65605342fe3a031df3c99d0d411a", [:mix], [{:jose, "~> 1.8", [hex: :jose, repo: "hexpm", optional: false]}, {:plug, "~> 1.3.3 or ~> 1.4", [hex: :plug, repo: "hexpm", optional: true]}], "hexpm", "189b87ba7ce6b40d6ba029138098b96ffc4ae78f229f5b39539b9141af8bf0f8"},
  "hackney": {:hex, :hackney, "1.17.0", "717ea195fd2f898d9fe9f1ce0afcc2621a41ecfe137fae57e7fe6e9484b9aa99", [:rebar3], [{:certifi, "~>2.5", [hex: :certifi, repo: "hexpm", optional: false]}, {:idna, "~>6.1.0", [hex: :idna, repo: "hexpm", optional: false]}, {:metrics, "~>1.0.0", [hex: :metrics, repo: "hexpm", optional: false]}, {:mimerl, "~>1.1", [hex: :mimerl, repo: "hexpm", optional: false]}, {:parse_trans, "~>3.3", [hex: :parse_trans, repo: "hexpm", optional: false]}, {:ssl_verify_fun, "~>1.1.0", [hex: :ssl_verify_fun, repo: "hexpm", optional: false]}, {:unicode_util_compat, "~>0.7.0", [hex: :unicode_util_compat, repo: "hexpm", optional: false]}], "hexpm", "64c22225f1ea8855f584720c0e5b3cd14095703af1c9fbc845ba042811dc671c"},
  "html_entities": {:hex, :html_entities, "0.4.0", "f2fee876858cf6aaa9db608820a3209e45a087c5177332799592142b50e89a6b", [:mix], [], "hexpm", "3e3d7156a272950373ce5a4018b1490bea26676f8d6a7d409f6fac8568b8cb9a"},
  "httpoison": {:hex, :httpoison, "1.8.0", "6b85dea15820b7804ef607ff78406ab449dd78bed923a49c7160e1886e987a3d", [:mix], [{:hackney, "~> 1.17", [hex: :hackney, repo: "hexpm", optional: false]}], "hexpm", "28089eaa98cf90c66265b6b5ad87c59a3729bea2e74e9d08f9b51eb9729b3c3a"},
  "idna": {:hex, :idna, "6.1.1", "8a63070e9f7d0c62eb9d9fcb360a7de382448200fbbd1b106cc96d3d8099df8d", [:rebar3], [{:unicode_util_compat, "~>0.7.0", [hex: :unicode_util_compat, repo: "hexpm", optional: false]}], "hexpm", "92376eb7894412ed19ac475e4a86f7b413c1b9fbb5bd16dccd57934157944cea"},
  "jason": {:hex, :jason, "1.2.2", "ba43e3f2709fd1aa1dce90aaabfd039d000469c05c56f0b8e31978e03fa39052", [:mix], [{:decimal, "~> 1.0 or ~> 2.0", [hex: :decimal, repo: "hexpm", optional: true]}], "hexpm", "18a228f5f0058ee183f29f9eae0805c6e59d61c3b006760668d8d18ff0d12179"},
  "jose": {:hex, :jose, "1.10.1", "16d8e460dae7203c6d1efa3f277e25b5af8b659febfc2f2eb4bacf87f128b80a", [:mix, :rebar3], [], "hexpm", "3c7ddc8a9394b92891db7c2771da94bf819834a1a4c92e30857b7d582e2f8257"},
  "meck": {:hex, :meck, "0.8.7", "ebad16ca23f685b07aed3bc011efff65fbaf28881a8adf925428ef5472d390ee", [:rebar3], [], "hexpm", "51274d4b536dc7958eb4df3aefa5245f4a6df1d6198cb8f8b97d6747033597ca"},
  "metrics": {:hex, :metrics, "1.0.1", "25f094dea2cda98213cecc3aeff09e940299d950904393b2a29d191c346a8486", [:rebar3], [], "hexpm", "69b09adddc4f74a40716ae54d140f93beb0fb8978d8636eaded0c31b6f099f16"},
  "mime": {:hex, :mime, "1.4.0", "5066f14944b470286146047d2f73518cf5cca82f8e4815cf35d196b58cf07c47", [:mix], [], "hexpm", "75fa42c4228ea9a23f70f123c74ba7cece6a03b1fd474fe13f6a7a85c6ea4ff6"},
  "mimerl": {:hex, :mimerl, "1.2.0", "67e2d3f571088d5cfd3e550c383094b47159f3eee8ffa08e64106cdf5e981be3", [:rebar3], [], "hexpm", "f278585650aa581986264638ebf698f8bb19df297f66ad91b18910dfc6e19323"},
  "mochiweb": {:hex, :mochiweb, "2.15.0", "e1daac474df07651e5d17cc1e642c4069c7850dc4508d3db7263a0651330aacc", [:rebar3], [], "hexpm", "b960d1cbcf40a30963eeee90ab7aeae074cbfa9a238561fb4434add1afc3075c"},
  "neotoma": {:hex, :neotoma, "1.7.3", "d8bd5404b73273989946e4f4f6d529e5c2088f5fa1ca790b4dbe81f4be408e61", [:rebar], [], "hexpm", "2da322b9b1567ffa0706a7f30f6bbbde70835ae44a1050615f4b4a3d436e0f28"},
  "oauth2": {:hex, :oauth2, "2.0.0", "338382079fe16c514420fa218b0903f8ad2d4bfc0ad0c9f988867dfa246731b0", [:mix], [{:hackney, "~> 1.13", [hex: :hackney, repo: "hexpm", optional: false]}], "hexpm", "881b8364ac7385f9fddc7949379cbe3f7081da37233a1aa7aab844670a91e7e7"},
  "panpipe": {:git, "https://github.com/Miaplacidus/panpipe", "961403e85e20fbe3d97bd49468161b711213fd96", []},
  "parse_trans": {:hex, :parse_trans, "3.3.1", "16328ab840cc09919bd10dab29e431da3af9e9e7e7e6f0089dd5a2d2820011d8", [:rebar3], [], "hexpm", "07cd9577885f56362d414e8c4c4e6bdf10d43a8767abb92d24cbe8b24c54888b"},
  "phoenix": {:hex, :phoenix, "1.4.17", "1b1bd4cff7cfc87c94deaa7d60dd8c22e04368ab95499483c50640ef3bd838d8", [:mix], [{:jason, "~> 1.0", [hex: :jason, repo: "hexpm", optional: true]}, {:phoenix_pubsub, "~> 1.1", [hex: :phoenix_pubsub, repo: "hexpm", optional: false]}, {:plug, "~> 1.8.1 or ~> 1.9", [hex: :plug, repo: "hexpm", optional: false]}, {:plug_cowboy, "~> 1.0 or ~> 2.0", [hex: :plug_cowboy, repo: "hexpm", optional: true]}, {:telemetry, "~> 0.4", [hex: :telemetry, repo: "hexpm", optional: false]}], "hexpm", "3a8e5d7a3d76d452bb5fb86e8b7bd115f737e4f8efe202a463d4aeb4a5809611"},
  "phoenix_ecto": {:hex, :phoenix_ecto, "4.0.0", "c43117a136e7399ea04ecaac73f8f23ee0ffe3e07acfcb8062fe5f4c9f0f6531", [:mix], [{:ecto, "~> 3.0", [hex: :ecto, repo: "hexpm", optional: false]}, {:phoenix_html, "~> 2.9", [hex: :phoenix_html, repo: "hexpm", optional: true]}, {:plug, "~> 1.0", [hex: :plug, repo: "hexpm", optional: false]}], "hexpm", "fe15d9fee5b82f5e64800502011ffe530650d42e1710ae9b14bc4c9be38bf303"},
  "phoenix_html": {:hex, :phoenix_html, "2.13.3", "850e292ff6e204257f5f9c4c54a8cb1f6fbc16ed53d360c2b780a3d0ba333867", [:mix], [{:plug, "~> 1.5", [hex: :plug, repo: "hexpm", optional: false]}], "hexpm", "8b01b3d6d39731ab18aa548d928b5796166d2500755f553725cfe967bafba7d9"},
  "phoenix_live_reload": {:hex, :phoenix_live_reload, "1.2.4", "940c0344b1d66a2e46eef02af3a70e0c5bb45a4db0bf47917add271b76cd3914", [:mix], [{:file_system, "~> 0.2.1 or ~> 0.3", [hex: :file_system, repo: "hexpm", optional: false]}, {:phoenix, "~> 1.4", [hex: :phoenix, repo: "hexpm", optional: false]}], "hexpm", "38f9308357dea4cc77f247e216da99fcb0224e05ada1469167520bed4cb8cccd"},
  "phoenix_pubsub": {:hex, :phoenix_pubsub, "1.1.2", "496c303bdf1b2e98a9d26e89af5bba3ab487ba3a3735f74bf1f4064d2a845a3e", [:mix], [], "hexpm", "1f13f9f0f3e769a667a6b6828d29dec37497a082d195cc52dbef401a9b69bf38"},
  "phoenix_slime": {:hex, :phoenix_slime, "0.12.0", "0d5f2b600b8a69dad361a987fdfc836bc71cdce373ce11abade4f6548880f0bf", [:mix], [{:jason, "~> 1.0", [hex: :jason, repo: "hexpm", optional: true]}, {:phoenix, "~> 1.4", [hex: :phoenix, repo: "hexpm", optional: false]}, {:phoenix_html, "~> 2.10", [hex: :phoenix_html, repo: "hexpm", optional: false]}, {:slime, "~> 1.0", [hex: :slime, repo: "hexpm", optional: false]}], "hexpm", "1f2dde158bf74966e3eab390660b1e3e42b6f8166350b1f04db892898d7caafd"},
  "plug": {:hex, :plug, "1.10.4", "41eba7d1a2d671faaf531fa867645bd5a3dce0957d8e2a3f398ccff7d2ef017f", [:mix], [{:mime, "~> 1.0", [hex: :mime, repo: "hexpm", optional: false]}, {:plug_crypto, "~> 1.1.1 or ~> 1.2", [hex: :plug_crypto, repo: "hexpm", optional: false]}, {:telemetry, "~> 0.4", [hex: :telemetry, repo: "hexpm", optional: false]}], "hexpm", "ad1e233fe73d2eec56616568d260777b67f53148a999dc2d048f4eb9778fe4a0"},
  "plug_cowboy": {:hex, :plug_cowboy, "2.3.0", "149a50e05cb73c12aad6506a371cd75750c0b19a32f81866e1a323dda9e0e99d", [:mix], [{:cowboy, "~> 2.7", [hex: :cowboy, repo: "hexpm", optional: false]}, {:plug, "~> 1.7", [hex: :plug, repo: "hexpm", optional: false]}, {:telemetry, "~> 0.4", [hex: :telemetry, repo: "hexpm", optional: false]}], "hexpm", "bc595a1870cef13f9c1e03df56d96804db7f702175e4ccacdb8fc75c02a7b97e"},
  "plug_crypto": {:hex, :plug_crypto, "1.1.2", "bdd187572cc26dbd95b87136290425f2b580a116d3fb1f564216918c9730d227", [:mix], [], "hexpm", "6b8b608f895b6ffcfad49c37c7883e8df98ae19c6a28113b02aa1e9c5b22d6b5"},
  "poison": {:hex, :poison, "4.0.1", "bcb755a16fac91cad79bfe9fc3585bb07b9331e50cfe3420a24bcc2d735709ae", [:mix], [], "hexpm"},
  "poolboy": {:hex, :poolboy, "1.5.1", "6b46163901cfd0a1b43d692657ed9d7e599853b3b21b95ae5ae0a777cf9b6ca8", [], [], "hexpm"},
  "postgrex": {:hex, :postgrex, "0.14.3", "5754dee2fdf6e9e508cbf49ab138df964278700b764177e8f3871e658b345a1e", [:mix], [{:connection, "~> 1.0", [hex: :connection, repo: "hexpm", optional: false]}, {:db_connection, "~> 2.0", [hex: :db_connection, repo: "hexpm", optional: false]}, {:decimal, "~> 1.5", [hex: :decimal, repo: "hexpm", optional: false]}, {:jason, "~> 1.0", [hex: :jason, repo: "hexpm", optional: true]}], "hexpm", "0ec1f09319f29b4dfc2d0e08c776834d219faae0da3536f3d9460f6793e6af1f"},
  "protocol_ex": {:hex, :protocol_ex, "0.4.3", "4acbe35da85109dc40315c1139bb7a65ebc7fc102d384cd8b3038384fbb9b282", [:mix], [], "hexpm"},
  "rambo": {:hex, :rambo, "0.3.2", "97cd76474c309c7cd0e78e889fadf4724b09fa2148a85801bcc82c5e87b54fa0", [:mix], [], "hexpm", "3226df4e19a69b88ff8ba091dcd818a2a52db6fb3fa83c4b446f8e57d36b7093"},
  "ranch": {:hex, :ranch, "1.7.1", "6b1fab51b49196860b733a49c07604465a47bdb78aa10c1c16a3d199f7f8c881", [:rebar3], [], "hexpm", "451d8527787df716d99dc36162fca05934915db0b6141bbdac2ea8d3c7afc7d7"},
  "scrivener": {:hex, :scrivener, "2.7.0", "fa94cdea21fad0649921d8066b1833d18d296217bfdf4a5389a2f45ee857b773", [:mix], [], "hexpm", "30da36a427f2519cf75993271fb7c5aad1759682a70f90d880a85c3d743d2c57"},
  "scrivener_ecto": {:hex, :scrivener_ecto, "2.2.0", "53d5f1ba28f35f17891cf526ee102f8f225b7024d1cdaf8984875467158c9c5e", [:mix], [{:ecto, "~> 3.0", [hex: :ecto, repo: "hexpm", optional: false]}, {:scrivener, "~> 2.4", [hex: :scrivener, repo: "hexpm", optional: false]}], "hexpm", "3eadfc0a762db4ba8acceee3450404f6ce5e710e52ccf04aae69fca5afe0cd2f"},
  "slime": {:hex, :slime, "1.2.0", "d46ede53c96b743dfdd23821268dc9b01f04ffea65d9d57c4e3d9200b162df02", [:mix], [{:neotoma, "~> 1.7", [hex: :neotoma, repo: "hexpm", optional: false]}], "hexpm", "4f119556f8a9f1d8be939ca4f8ae12a20cfda18b040472a807a7fc257cf16c09"},
  "ssl_verify_fun": {:hex, :ssl_verify_fun, "1.1.6", "cf344f5692c82d2cd7554f5ec8fd961548d4fd09e7d22f5b62482e5aeaebd4b0", [:make, :mix, :rebar3], [], "hexpm", "bdb0d2471f453c88ff3908e7686f86f9be327d065cc1ec16fa4540197ea04680"},
  "telemetry": {:hex, :telemetry, "0.4.2", "2808c992455e08d6177322f14d3bdb6b625fbcfd233a73505870d8738a2f4599", [:rebar3], [], "hexpm", "2d1419bd9dda6a206d7b5852179511722e2b18812310d304620c7bd92a13fcef"},
  "timex": {:hex, :timex, "3.6.3", "58ce6c9eda8ed47fc80c24dde09d481465838d3bcfc230949287fc1b0b0041c1", [:mix], [{:combine, "~> 0.10", [hex: :combine, repo: "hexpm", optional: false]}, {:gettext, "~> 0.10", [hex: :gettext, repo: "hexpm", optional: false]}, {:tzdata, "~> 0.1.8 or ~> 0.5 or ~> 1.0.0", [hex: :tzdata, repo: "hexpm", optional: false]}], "hexpm", "6d69f4f95fcf5684102a9cb3cf92c5ba6545bd60ed8d8a6a93cd2a4a4fb0d9ec"},
  "tzdata": {:hex, :tzdata, "1.0.5", "69f1ee029a49afa04ad77801febaf69385f3d3e3d1e4b56b9469025677b89a28", [:mix], [{:hackney, "~> 1.0", [hex: :hackney, repo: "hexpm", optional: false]}], "hexpm", "55519aa2a99e5d2095c1e61cc74c9be69688f8ab75c27da724eb8279ff402a5a"},
  "ueberauth": {:hex, :ueberauth, "0.6.3", "d42ace28b870e8072cf30e32e385579c57b9cc96ec74fa1f30f30da9c14f3cc0", [:mix], [{:plug, "~> 1.5", [hex: :plug, repo: "hexpm", optional: false]}], "hexpm", "afc293d8a1140d6591b53e3eaf415ca92842cb1d32fad3c450c6f045f7f91b60"},
  "ueberauth_github": {:hex, :ueberauth_github, "0.7.0", "637067c5500f7b13c18caca3db66d09eba661524e0d0e9518b54151e99484bad", [:mix], [{:oauth2, "~> 0.9", [hex: :oauth2, repo: "hexpm", optional: false]}, {:ueberauth, "~> 0.4", [hex: :ueberauth, repo: "hexpm", optional: false]}], "hexpm"},
  "ueberauth_google": {:hex, :ueberauth_google, "0.9.0", "e098e1d6df647696b858b0289eae7e4dc8c662abee9e309d64bc115192c51bf5", [:mix], [{:oauth2, "~> 1.0 or ~> 2.0", [hex: :oauth2, repo: "hexpm", optional: false]}, {:ueberauth, "~> 0.6.0", [hex: :ueberauth, repo: "hexpm", optional: false]}], "hexpm", "5453ba074df7ee14fb5b121bb04a64cda5266cd23b28af8a2fdf02dd40959ab4"},
  "unicode_util_compat": {:hex, :unicode_util_compat, "0.7.0", "bc84380c9ab48177092f43ac89e4dfa2c6d62b40b8bd132b1059ecc7232f9a78", [:rebar3], [], "hexpm", "25eee6d67df61960cf6a794239566599b09e17e668d3700247bc498638152521"},
  "uuid": {:hex, :uuid, "1.1.8", "e22fc04499de0de3ed1116b770c7737779f226ceefa0badb3592e64d5cfb4eb9", [], [], "hexpm"},
  "wallaby": {:hex, :wallaby, "0.19.2", "358bbff251e3555e02566280d1795132da792969dd58ff89963536d013058719", [], [{:httpoison, "~> 0.12", [hex: :httpoison, repo: "hexpm", optional: false]}, {:poison, ">= 1.4.0", [hex: :poison, repo: "hexpm", optional: false]}, {:poolboy, "~> 1.5", [hex: :poolboy, repo: "hexpm", optional: false]}], "hexpm"},
}
